dependencies:
- name: rabbitmq
  repository: https://charts.bitnami.com/bitnami
  version: 11.15.2
- name: postgresql
  repository: https://charts.bitnami.com/bitnami
  version: 12.5.1
digest: sha256:267f8e1bafd9992a32d60182dfee3a92ae81a5b7f6071f507351649bad895979
generated: "2023-05-14T23:45:08.0651821+02:00"
